// !$*UTF8*$!
{
	archiveVersion = 1;
	classes = {
	};
	objectVersion = 50;
	objects = {

/* Begin PBXBuildFile section */
		82FEC9BB20E210CB0012F561 /* AppDelegate.swift in Sources */ = {isa = PBXBuildFile; fileRef = 82FEC9BA20E210CB0012F561 /* AppDelegate.swift */; };
		82FEC9BD20E210CB0012F561 /* art.scnassets in Resources */ = {isa = PBXBuildFile; fileRef = 82FEC9BC20E210CB0012F561 /* art.scnassets */; };
		82FEC9BF20E210CB0012F561 /* ViewController.swift in Sources */ = {isa = PBXBuildFile; fileRef = 82FEC9BE20E210CB0012F561 /* ViewController.swift */; };
		82FEC9C220E210CB0012F561 /* Main.storyboard in Resources */ = {isa = PBXBuildFile; fileRef = 82FEC9C020E210CB0012F561 /* Main.storyboard */; };
		82FEC9C420E210CD0012F561 /* Assets.xcassets in Resources */ = {isa = PBXBuildFile; fileRef = 82FEC9C320E210CD0012F561 /* Assets.xcassets */; };
		82FEC9C720E210CD0012F561 /* LaunchScreen.storyboard in Resources */ = {isa = PBXBuildFile; fileRef = 82FEC9C520E210CD0012F561 /* LaunchScreen.storyboard */; };
/* End PBXBuildFile section */

/* Begin PBXFileReference section */
		82FEC9B720E210CB0012F561 /* AREnvTex.app */ = {isa = PBXFileReference; explicitFileType = wrapper.application; includeInIndex = 0; path = AREnvTex.app; sourceTree = BUILT_PRODUCTS_DIR; };
		82FEC9BA20E210CB0012F561 /* AppDelegate.swift */ = {isa = PBXFileReference; lastKnownFileType = sourcecode.swift; path = AppDelegate.swift; sourceTree = "<group>"; };
		82FEC9BC20E210CB0012F561 /* art.scnassets */ = {isa = PBXFileReference; lastKnownFileType = wrapper.scnassets; path = art.scnassets; sourceTree = "<group>"; };
		82FEC9BE20E210CB0012F561 /* ViewController.swift */ = {isa = PBXFileReference; lastKnownFileType = sourcecode.swift; path = ViewController.swift; sourceTree = "<group>"; };
		82FEC9C120E210CB0012F561 /* Base */ = {isa = PBXFileReference; lastKnownFileType = file.storyboard; name = Base; path = Base.lproj/Main.storyboard; sourceTree = "<group>"; };
		82FEC9C320E210CD0012F561 /* Assets.xcassets */ = {isa = PBXFileReference; lastKnownFileType = folder.assetcatalog; path = Assets.xcassets; sourceTree = "<group>"; };
		82FEC9C620E210CD0012F561 /* Base */ = {isa = PBXFileReference; lastKnownFileType = file.storyboard; name = Base; path = Base.lproj/LaunchScreen.storyboard; sourceTree = "<group>"; };
		82FEC9C820E210CD0012F561 /* Info.plist */ = {isa = PBXFileReference; lastKnownFileType = text.plist.xml; path = Info.plist; sourceTree = "<group>"; };
/* End PBXFileReference section */

/* Begin PBXFrameworksBuildPhase section */
		82FEC9B420E210CB0012F561 /* Frameworks */ = {
			isa = PBXFrameworksBuildPhase;
			buildActionMask = 2147483647;
			files = (
			);
			runOnlyForDeploymentPostprocessing = 0;
		};
/* End PBXFrameworksBuildPhase section */

/* Begin PBXGroup section */
		82FEC9AE20E210CB0012F561 = {
			isa = PBXGroup;
			children = (
				82FEC9B920E210CB0012F561 /* AREnvTex */,
				82FEC9B820E210CB0012F561 /* Products */,
			);
			sourceTree = "<group>";
		};
		82FEC9B820E210CB0012F561 /* Products */ = {
			isa = PBXGroup;
			children = (
				82FEC9B720E210CB0012F561 /* AREnvTex.app */,
			);
			name = Products;
			sourceTree = "<group>";
		};
		82FEC9B920E210CB0012F561 /* AREnvTex */ = {
			isa = PBXGroup;
			children = (
				82FEC9BA20E210CB0012F561 /* AppDelegate.swift */,
				82FEC9BE20E210CB0012F561 /* ViewController.swift */,
				82FEC9C020E210CB0012F561 /* Main.storyboard */,
				82FEC9C520E210CD0012F561 /* LaunchScreen.storyboard */,
				82FEC9BC20E210CB0012F561 /* art.scnassets */,
				82FEC9C320E210CD0012F561 /* Assets.xcassets */,
				82FEC9C820E210CD0012F561 /* Info.plist */,
			);
			path = AREnvTex;
			sourceTree = "<group>";
		};
/* End PBXGroup section */

/* Begin PBXNativeTarget section */
		82FEC9B620E210CB0012F561 /* AREnvTex */ = {
			isa = PBXNativeTarget;
			buildConfigurationList = 82FEC9CB20E210CD0012F561 /* Build configuration list for PBXNativeTarget "AREnvTex" */;
			buildPhases = (
				82FEC9B320E210CB0012F561 /* Sources */,
				82FEC9B420E210CB0012F561 /* Frameworks */,
				82FEC9B520E210CB0012F561 /* Resources */,
			);
			buildRules = (
			);
			dependencies = (
			);
			name = AREnvTex;
			productName = AREnvTex;
			productReference = 82FEC9B720E210CB0012F561 /* AREnvTex.app */;
			productType = "com.apple.product-type.application";
		};
/* End PBXNativeTarget section */

/* Begin PBXProject section */
		82FEC9AF20E210CB0012F561 /* Project object */ = {
			isa = PBXProject;
			attributes = {
				LastSwiftUpdateCheck = 1000;
				LastUpgradeCheck = 1000;
				ORGANIZATIONNAME = "Toshihiro Goto";
				TargetAttributes = {
					82FEC9B620E210CB0012F561 = {
						CreatedOnToolsVersion = 10.0;
					};
				};
			};
			buildConfigurationList = 82FEC9B220E210CB0012F561 /* Build configuration list for PBXProject "AREnvTex" */;
			compatibilityVersion = "Xcode 9.3";
			developmentRegion = en;
			hasScannedForEncodings = 0;
			knownRegions = (
				en,
				Base,
			);
			mainGroup = 82FEC9AE20E210CB0012F561;
			productRefGroup = 82FEC9B820E210CB0012F561 /* Products */;
			projectDirPath = "";
			projectRoot = "";
			targets = (
				82FEC9B620E210CB0012F561 /* AREnvTex */,
			);
		};
/* End PBXProject section */

/* Begin PBXResourcesBuildPhase section */
		82FEC9B520E210CB0012F561 /* Resources */ = {
			isa = PBXResourcesBuildPhase;
			buildActionMask = 2147483647;
			files = (
				82FEC9BD20E210CB0012F561 /* art.scnassets in Resources */,
				82FEC9C720E210CD0012F561 /* LaunchScreen.storyboard in Resources */,
				82FEC9C420E210CD0012F561 /* Assets.xcassets in Resources */,
				82FEC9C220E210CB0012F561 /* Main.storyboard in Resources */,
			);
			runOnlyForDeploymentPostprocessing = 0;
		};
/* End PBXResourcesBuildPhase section */

/* Begin PBXSourcesBuildPhase section */
		82FEC9B320E210CB0012F561 /* Sources */ = {
			isa = PBXSourcesBuildPhase;
			buildActionMask = 2147483647;
			files = (
				82FEC9BF20E210CB0012F561 /* ViewController.swift in Sources */,
				82FEC9BB20E210CB0012F561 /* AppDelegate.swift in Sources */,
			);
			runOnlyForDeploymentPostprocessing = 0;
		};
/* End PBXSourcesBuildPhase section */

/* Begin PBXVariantGroup section */
		82FEC9C020E210CB0012F561 /* Main.storyboard */ = {
			isa = PBXVariantGroup;
			children = (
				82FEC9C120E210CB0012F561 /* Base */,
			);
			name = Main.storyboard;
			sourceTree = "<group>";
		};
		82FEC9C520E210CD0012F561 /* LaunchScreen.storyboard */ = {
			isa = PBXVariantGroup;
			children = (
				82FEC9C620E210CD0012F561 /* Base */,
			);
			name = LaunchScreen.storyboard;
			sourceTree = "<group>";
		};
/* End PBXVariantGroup section */

/* Begin XCBuildConfiguration section */
		82FEC9C920E210CD0012F561 /* Debug */ = {
			isa = XCBuildConfiguration;
			buildSettings = {
				ALWAYS_SEARCH_USER_PATHS = NO;
				CLANG_ANALYZER_NONNULL = YES;
				CLANG_ANALYZER_NUMBER_OBJECT_CONVERSION = YES_AGGRESSIVE;
				CLANG_CXX_LANGUAGE_STANDARD = "gnu++14";
				CLANG_CXX_LIBRARY = "libc++";
				CLANG_ENABLE_MODULES = YES;
				CLANG_ENABLE_OBJC_ARC = YES;
				CLANG_ENABLE_OBJC_WEAK = YES;
				CLANG_WARN_BLOCK_CAPTURE_AUTORELEASING = YES;
				CLANG_WARN_BOOL_CONVERSION = YES;
				CLANG_WARN_COMMA = YES;
				CLANG_WARN_CONSTANT_CONVERSION = YES;
				CLANG_WARN_DEPRECATED_OBJC_IMPLEMENTATIONS = YES;
				CLANG_WARN_DIRECT_OBJC_ISA_USAGE = YES_ERROR;
				CLANG_WARN_DOCUMENTATION_COMMENTS = YES;
				CLANG_WARN_EMPTY_BODY = YES;
				CLANG_WARN_ENUM_CONVERSION = YES;
				CLANG_WARN_INFINITE_RECURSION = YES;
				CLANG_WARN_INT_CONVERSION = YES;
				CLANG_WARN_NON_LITERAL_NULL_CONVERSION = YES;
				CLANG_WARN_OBJC_IMPLICIT_RETAIN_SELF = YES;
				CLANG_WARN_OBJC_LITERAL_CONVERSION = YES;
				CLANG_WARN_OBJC_ROOT_CLASS = YES_ERROR;
				CLANG_WARN_RANGE_LOOP_ANALYSIS = YES;
				CLANG_WARN_STRICT_PROTOTYPES = YES;
				CLANG_WARN_SUSPICIOUS_MOVE = YES;
				CLANG_WARN_UNGUARDED_AVAILABILITY = YES_AGGRESSIVE;
				CLANG_WARN_UNREACHABLE_CODE = YES;
				CLANG_WARN__DUPLICATE_METHOD_MATCH = YES;
				CODE_SIGN_IDENTITY = "iPhone Developer";
				COPY_PHASE_STRIP = NO;
				DEBUG_INFORMATION_FORMAT = dwarf;
				ENABLE_STRICT_OBJC_MSGSEND = YES;
				ENABLE_TESTABILITY = YES;
				GCC_C_LANGUAGE_STANDARD = gnu11;
				GCC_DYNAMIC_NO_PIC = NO;
				GCC_NO_COMMON_BLOCKS = YES;
				GCC_OPTIMIZATION_LEVEL = 0;
				GCC_PREPROCESSOR_DEFINITIONS = (
					"DEBUG=1",
					"$(inherited)",
				);
				GCC_WARN_64_TO_32_BIT_CONVERSION = YES;
				GCC_WARN_ABOUT_RETURN_TYPE = YES_ERROR;
				GCC_WARN_UNDECLARED_SELECTOR = YES;
				GCC_WARN_UNINITIALIZED_AUTOS = YES_AGGRESSIVE;
				GCC_WARN_UNUSED_FUNCTION = YES;
				GCC_WARN_UNUSED_VARIABLE = YES;
				IPHONEOS_DEPLOYMENT_TARGET = 12.0;
				MTL_ENABLE_DEBUG_INFO = INCLUDE_SOURCE;
				ONLY_ACTIVE_ARCH = YES;
				SDKROOT = iphoneos;
				SWIFT_ACTIVE_COMPILATION_CONDITIONS = DEBUG;
				SWIFT_OPTIMIZATION_LEVEL = "-Onone";
			};
			name = Debug;
		};
		82FEC9CA20E210CD0012F561 /* Release */ = {
			isa = XCBuildConfiguration;
			buildSettings = {
				ALWAYS_SEARCH_USER_PATHS = NO;
				CLANG_ANALYZER_NONNULL = YES;
				CLANG_ANALYZER_NUMBER_OBJECT_CONVERSION = YES_AGGRESSIVE;
				CLANG_CXX_LANGUAGE_STANDARD = "gnu++14";
				CLANG_CXX_LIBRARY = "libc++";
				CLANG_ENABLE_MODULES = YES;
				CLANG_ENABLE_OBJC_ARC = YES;
				CLANG_ENABLE_OBJC_WEAK = YES;
				CLANG_WARN_BLOCK_CAPTURE_AUTORELEASING = YES;
				CLANG_WARN_BOOL_CONVERSION = YES;
				CLANG_WARN_COMMA = YES;
				CLANG_WARN_CONSTANT_CONVERSION = YES;
				CLANG_WARN_DEPRECATED_OBJC_IMPLEMENTATIONS = YES;
				CLANG_WARN_DIRECT_OBJC_ISA_USAGE = YES_ERROR;
				CLANG_WARN_DOCUMENTATION_COMMENTS = YES;
				CLANG_WARN_EMPTY_BODY = YES;
				CLANG_WARN_ENUM_CONVERSION = YES;
				CLANG_WARN_INFINITE_RECURSION = YES;
				CLANG_WARN_INT_CONVERSION = YES;
				CLANG_WARN_NON_LITERAL_NULL_CONVERSION = YES;
				CLANG_WARN_OBJC_IMPLICIT_RETAIN_SELF = YES;
				CLANG_WARN_OBJC_LITERAL_CONVERSION = YES;
				CLANG_WARN_OBJC_ROOT_CLASS = YES_ERROR;
				CLANG_WARN_RANGE_LOOP_ANALYSIS = YES;
				CLANG_WARN_STRICT_PROTOTYPES = YES;
				CLANG_WARN_SUSPICIOUS_MOVE = YES;
				CLANG_WARN_UNGUARDED_AVAILABILITY = YES_AGGRESSIVE;
				CLANG_WARN_UNREACHABLE_CODE = YES;
				CLANG_WARN__DUPLICATE_METHOD_MATCH = YES;
				CODE_SIGN_IDENTITY = "iPhone Developer";
				COPY_PHASE_STRIP = NO;
				DEBUG_INFORMATION_FORMAT = "dwarf-with-dsym";
				ENABLE_NS_ASSERTIONS = NO;
				ENABLE_STRICT_OBJC_MSGSEND = YES;
				GCC_C_LANGUAGE_STANDARD = gnu11;
				GCC_NO_COMMON_BLOCKS = YES;
				GCC_WARN_64_TO_32_BIT_CONVERSION = YES;
				GCC_WARN_ABOUT_RETURN_TYPE = YES_ERROR;
				GCC_WARN_UNDECLARED_SELECTOR = YES;
				GCC_WARN_UNINITIALIZED_AUTOS = YES_AGGRESSIVE;
				GCC_WARN_UNUSED_FUNCTION = YES;
				GCC_WARN_UNUSED_VARIABLE = YES;
				IPHONEOS_DEPLOYMENT_TARGET = 12.0;
				MTL_ENABLE_DEBUG_INFO = NO;
				SDKROOT = iphoneos;
				SWIFT_COMPILATION_MODE = wholemodule;
				SWIFT_OPTIMIZATION_LEVEL = "-O";
				VALIDATE_PRODUCT = YES;
			};
			name = Release;
		};
		82FEC9CC20E210CD0012F561 /* Debug */ = {
			isa = XCBuildConfiguration;
			buildSettings = {
				ASSETCATALOG_COMPILER_APPICON_NAME = AppIcon;
				CODE_SIGN_STYLE = Automatic;
				DEVELOPMENT_TEAM = 43RPG97GKY;
				INFOPLIST_FILE = AREnvTex/Info.plist;
				LD_RUNPATH_SEARCH_PATHS = (
					"$(inherited)",
					"@executable_path/Frameworks",
				);
				PRODUCT_BUNDLE_IDENTIFIER = com.toshihiroGotoh.AREnvTex;
				PRODUCT_NAME = "$(TARGET_NAME)";
				SWIFT_VERSION = 4.2;
				TARGETED_DEVICE_FAMILY = "1,2";
			};
			name = Debug;
		};
		82FEC9CD20E210CD0012F561 /* Release */ = {
			isa = XCBuildConfiguration;
			buildSettings = {
				ASSETCATALOG_COMPILER_APPICON_NAME = AppIcon;
				CODE_SIGN_STYLE = Automatic;
				DEVELOPMENT_TEAM = 43RPG97GKY;
				INFOPLIST_FILE = AREnvTex/Info.plist;
				LD_RUNPATH_SEARCH_PATHS = (
					"$(inherited)",
					"@executable_path/Frameworks",
				);
				PRODUCT_BUNDLE_IDENTIFIER = com.toshihiroGotoh.AREnvTex;
				PRODUCT_NAME = "$(TARGET_NAME)";
				SWIFT_VERSION = 4.2;
				TARGETED_DEVICE_FAMILY = "1,2";
			};
			name = Release;
		};
/* End XCBuildConfiguration section */

/* Begin XCConfigurationList section */
		82FEC9B220E210CB0012F561 /* Build configuration list for PBXProject "AREnvTex" */ = {
			isa = XCConfigurationList;
			buildConfigurations = (
				82FEC9C920E210CD0012F561 /* Debug */,
				82FEC9CA20E210CD0012F561 /* Release */,
			);
			defaultConfigurationIsVisible = 0;
			defaultConfigurationName = Release;
		};
		82FEC9CB20E210CD0012F561 /* Build configuration list for PBXNativeTarget "AREnvTex" */ = {
			isa = XCConfigurationList;
			buildConfigurations = (
				82FEC9CC20E210CD0012F561 /* Debug */,
				82FEC9CD20E210CD0012F561 /* Release */,
			);
			defaultConfigurationIsVisible = 0;
			defaultConfigurationName = Release;
		};
/* End XCConfigurationList section */
	};
	rootObject = 82FEC9AF20E210CB0012F561 /* Project object */;
}
